
Microsoft Visual Studio Solution File, Format Version 12.00
# Visual Studio 15
VisualStudioVersion = 15.0.28307.489
MinimumVisualStudioVersion = 10.0.40219.1
Project("{FAE04EC0-301F-11D3-BF4B-00C04F79EFBC}") = "BANCO", "BANCO\BANCO.csproj", "{55DC85E3-0961-4A08-8B98-68BE72DEDE1B}"
EndProject
Global
	GlobalSection(SolutionConfigurationPlatforms) = preSolution
		Debug|Any CPU = Debug|Any CPU
		Release|Any CPU = Release|Any CPU
	EndGlobalSection
	GlobalSection(ProjectConfigurationPlatforms) = postSolution
		{55DC85E3-0961-4A08-8B98-68BE72DEDE1B}.Debug|Any CPU.ActiveCfg = Debug|Any CPU
		{55DC85E3-0961-4A08-8B98-68BE72DEDE1B}.Debug|Any CPU.Build.0 = Debug|Any CPU
		{55DC85E3-0961-4A08-8B98-68BE72DEDE1B}.Release|Any CPU.ActiveCfg = Release|Any CPU
		{55DC85E3-0961-4A08-8B98-68BE72DEDE1B}.Release|Any CPU.Build.0 = Release|Any CPU
	EndGlobalSection
	GlobalSection(SolutionProperties) = preSolution
		HideSolutionNode = FALSE
	EndGlobalSection
	GlobalSection(ExtensibilityGlobals) = postSolution
		SolutionGuid = {F9B35CEA-0EEB-4021-85FF-74C92D98E581}
	EndGlobalSection
EndGlobal
